
Microsoft Visual Studio Solution File, Format Version 12.00
# Visual Studio Version 17
VisualStudioVersion = 17.10.34902.84
MinimumVisualStudioVersion = 10.0.40219.1
Project("{FAE04EC0-301F-11D3-BF4B-00C04F79EFBC}") = "ASPWEBFORMCURD", "ASPWEBFORMCURD\ASPWEBFORMCURD.csproj", "{B3F8A421-E318-4895-9EA5-13B98D901FCE}"
EndProject
Global
	GlobalSection(SolutionConfigurationPlatforms) = preSolution
		Debug|Any CPU = Debug|Any CPU
		Release|Any CPU = Release|Any CPU
	EndGlobalSection
	GlobalSection(ProjectConfigurationPlatforms) = postSolution
		{B3F8A421-E318-4895-9EA5-13B98D901FCE}.Debug|Any CPU.ActiveCfg = Debug|Any CPU
		{B3F8A421-E318-4895-9EA5-13B98D901FCE}.Debug|Any CPU.Build.0 = Debug|Any CPU
		{B3F8A421-E318-4895-9EA5-13B98D901FCE}.Release|Any CPU.ActiveCfg = Release|Any CPU
		{B3F8A421-E318-4895-9EA5-13B98D901FCE}.Release|Any CPU.Build.0 = Release|Any CPU
	EndGlobalSection
	GlobalSection(SolutionProperties) = preSolution
		HideSolutionNode = FALSE
	EndGlobalSection
	GlobalSection(ExtensibilityGlobals) = postSolution
		SolutionGuid = {8E8DD6C1-FC20-4EC0-B183-927F9668AC6A}
	EndGlobalSection
EndGlobal
